
Microsoft Visual Studio Solution File, Format Version 12.00
# Visual Studio Version 16
VisualStudioVersion = 16.0.29519.87
MinimumVisualStudioVersion = 10.0.40219.1
Project("{FAE04EC0-301F-11D3-BF4B-00C04F79EFBC}") = "WebApplication1", "WebApplication1\WebApplication1.csproj", "{F55A7B38-7A7B-4DCD-BFA2-4811E9CAA74E}"
EndProject
Project("{FAE04EC0-301F-11D3-BF4B-00C04F79EFBC}") = "ClassLibrary1", "ClassLibrary1\ClassLibrary1.csproj", "{BA63D062-E5A8-4977-8ABD-446F815E4930}"
EndProject
Global
	GlobalSection(SolutionConfigurationPlatforms) = preSolution
		Debug|Any CPU = Debug|Any CPU
		Release|Any CPU = Release|Any CPU
	EndGlobalSection
	GlobalSection(ProjectConfigurationPlatforms) = postSolution
		{F55A7B38-7A7B-4DCD-BFA2-4811E9CAA74E}.Debug|Any CPU.ActiveCfg = Debug|Any CPU
		{F55A7B38-7A7B-4DCD-BFA2-4811E9CAA74E}.Debug|Any CPU.Build.0 = Debug|Any CPU
		{F55A7B38-7A7B-4DCD-BFA2-4811E9CAA74E}.Release|Any CPU.ActiveCfg = Release|Any CPU
		{F55A7B38-7A7B-4DCD-BFA2-4811E9CAA74E}.Release|Any CPU.Build.0 = Release|Any CPU
		{BA63D062-E5A8-4977-8ABD-446F815E4930}.Debug|Any CPU.ActiveCfg = Debug|Any CPU
		{BA63D062-E5A8-4977-8ABD-446F815E4930}.Debug|Any CPU.Build.0 = Debug|Any CPU
		{BA63D062-E5A8-4977-8ABD-446F815E4930}.Release|Any CPU.ActiveCfg = Release|Any CPU
		{BA63D062-E5A8-4977-8ABD-446F815E4930}.Release|Any CPU.Build.0 = Release|Any CPU
	EndGlobalSection
	GlobalSection(SolutionProperties) = preSolution
		HideSolutionNode = FALSE
	EndGlobalSection
	GlobalSection(ExtensibilityGlobals) = postSolution
		SolutionGuid = {D9B75F2B-7332-4F6C-B8E4-88E160128F8F}
	EndGlobalSection
EndGlobal
